// !$*UTF8*$!
{
	archiveVersion = 1;
	classes = {
	};
	objectVersion = 48;
	objects = {

/* Begin PBXBuildFile section */
		0C897E6DBEE97D21A743A2A5 /* Pods_CoolClothes.framework in Frameworks */ = {isa = PBXBuildFile; fileRef = B2862E8E796D9272A0D461AC /* Pods_CoolClothes.framework */; };
		1FD493B74DE8662D587118C7 /* Pods_CoolClothesIntegrationTests.framework in Frameworks */ = {isa = PBXBuildFile; fileRef = 95E7C1D30556A35DC8C78404 /* Pods_CoolClothesIntegrationTests.framework */; };
		CD88BF9E1FD4175E003DEB48 /* AppDelegate.swift in Sources */ = {isa = PBXBuildFile; fileRef = CD88BF9D1FD4175E003DEB48 /* AppDelegate.swift */; };
		CD88BFA01FD4175E003DEB48 /* FirstViewController.swift in Sources */ = {isa = PBXBuildFile; fileRef = CD88BF9F1FD4175E003DEB48 /* FirstViewController.swift */; };
		CD88BFA21FD4175E003DEB48 /* SecondViewController.swift in Sources */ = {isa = PBXBuildFile; fileRef = CD88BFA11FD4175E003DEB48 /* SecondViewController.swift */; };
		CD88BFA51FD4175E003DEB48 /* Main.storyboard in Resources */ = {isa = PBXBuildFile; fileRef = CD88BFA31FD4175E003DEB48 /* Main.storyboard */; };
		CD88BFA71FD4175E003DEB48 /* Assets.xcassets in Resources */ = {isa = PBXBuildFile; fileRef = CD88BFA61FD4175E003DEB48 /* Assets.xcassets */; };
		CD88BFAA1FD4175E003DEB48 /* LaunchScreen.storyboard in Resources */ = {isa = PBXBuildFile; fileRef = CD88BFA81FD4175E003DEB48 /* LaunchScreen.storyboard */; };
		CD88BFB51FD4175E003DEB48 /* ZalandoAPITests.swift in Sources */ = {isa = PBXBuildFile; fileRef = CD88BFB41FD4175E003DEB48 /* ZalandoAPITests.swift */; };
		CD88BFC01FD4175E003DEB48 /* CoolClothesUITests.swift in Sources */ = {isa = PBXBuildFile; fileRef = CD88BFBF1FD4175E003DEB48 /* CoolClothesUITests.swift */; };
		CD88BFCF1FD4184A003DEB48 /* ZalandoAPI.swift in Sources */ = {isa = PBXBuildFile; fileRef = CD88BFCE1FD4184A003DEB48 /* ZalandoAPI.swift */; };
		CD88BFD11FD41855003DEB48 /* ZalandoAPIRequest.swift in Sources */ = {isa = PBXBuildFile; fileRef = CD88BFD01FD41855003DEB48 /* ZalandoAPIRequest.swift */; };
		CD88BFD31FD41861003DEB48 /* ZalandoAPIResponse.swift in Sources */ = {isa = PBXBuildFile; fileRef = CD88BFD21FD41861003DEB48 /* ZalandoAPIResponse.swift */; };
		CD88BFED1FD41919003DEB48 /* ZalandoAPIIntegrationTests.swift in Sources */ = {isa = PBXBuildFile; fileRef = CD88BFEC1FD41919003DEB48 /* ZalandoAPIIntegrationTests.swift */; };
		CD88BFF51FD41953003DEB48 /* WebAPI.swift in Sources */ = {isa = PBXBuildFile; fileRef = CD88BFF41FD41953003DEB48 /* WebAPI.swift */; };
		CD88BFF81FD419C1003DEB48 /* DecodableDataParser.swift in Sources */ = {isa = PBXBuildFile; fileRef = CD88BFF71FD419C1003DEB48 /* DecodableDataParser.swift */; };
		CD88BFFA1FD419DB003DEB48 /* Session+Rx.swift in Sources */ = {isa = PBXBuildFile; fileRef = CD88BFF91FD419DB003DEB48 /* Session+Rx.swift */; };
		CD88BFFC1FD41DC3003DEB48 /* ArticlesRequest.swift in Sources */ = {isa = PBXBuildFile; fileRef = CD88BFFB1FD41DC3003DEB48 /* ArticlesRequest.swift */; };
		CD88BFFE1FD41E52003DEB48 /* ZalandoArticle.swift in Sources */ = {isa = PBXBuildFile; fileRef = CD88BFFD1FD41E52003DEB48 /* ZalandoArticle.swift */; };
		CD88C0001FD41FFB003DEB48 /* ZalandoImage.swift in Sources */ = {isa = PBXBuildFile; fileRef = CD88BFFF1FD41FFB003DEB48 /* ZalandoImage.swift */; };
		CD88C0021FD42614003DEB48 /* ZalandoAPIResponseDecoding.swift in Sources */ = {isa = PBXBuildFile; fileRef = CD88C0011FD42614003DEB48 /* ZalandoAPIResponseDecoding.swift */; };
		CD88C0051FD42680003DEB48 /* DateFormatter+Extensions.swift in Sources */ = {isa = PBXBuildFile; fileRef = CD88C0041FD42680003DEB48 /* DateFormatter+Extensions.swift */; };
		CD88C00A1FD443C4003DEB48 /* articlesRequestStub.json in Resources */ = {isa = PBXBuildFile; fileRef = CD88C0091FD443C4003DEB48 /* articlesRequestStub.json */; };
		CD88C00B1FD443C4003DEB48 /* articlesRequestStub.json in Resources */ = {isa = PBXBuildFile; fileRef = CD88C0091FD443C4003DEB48 /* articlesRequestStub.json */; };
		CD88C00D1FD44E80003DEB48 /* Data+Extensions.swift in Sources */ = {isa = PBXBuildFile; fileRef = CD88C00C1FD44E80003DEB48 /* Data+Extensions.swift */; };
		CD88C00E1FD44E80003DEB48 /* Data+Extensions.swift in Sources */ = {isa = PBXBuildFile; fileRef = CD88C00C1FD44E80003DEB48 /* Data+Extensions.swift */; };
		F23F70BFC61CAC7E8D17D8CC /* Pods_CoolClothesTests.framework in Frameworks */ = {isa = PBXBuildFile; fileRef = A324CA9E595759D17DF778DB /* Pods_CoolClothesTests.framework */; };
/* End PBXBuildFile section */

/* Begin PBXContainerItemProxy section */
		CD88BFB11FD4175E003DEB48 /* PBXContainerItemProxy */ = {
			isa = PBXContainerItemProxy;
			containerPortal = CD88BF921FD4175E003DEB48 /* Project object */;
			proxyType = 1;
			remoteGlobalIDString = CD88BF991FD4175E003DEB48;
			remoteInfo = CoolClothes;
		};
		CD88BFBC1FD4175E003DEB48 /* PBXContainerItemProxy */ = {
			isa = PBXContainerItemProxy;
			containerPortal = CD88BF921FD4175E003DEB48 /* Project object */;
			proxyType = 1;
			remoteGlobalIDString = CD88BF991FD4175E003DEB48;
			remoteInfo = CoolClothes;
		};
		CD88BFEF1FD41919003DEB48 /* PBXContainerItemProxy */ = {
			isa = PBXContainerItemProxy;
			containerPortal = CD88BF921FD4175E003DEB48 /* Project object */;
			proxyType = 1;
			remoteGlobalIDString = CD88BF991FD4175E003DEB48;
			remoteInfo = CoolClothes;
		};
/* End PBXContainerItemProxy section */

/* Begin PBXFileReference section */
		08D19CABAD0A381C7300A9E0 /* Pods-CoolClothesIntegrationTests.debug.xcconfig */ = {isa = PBXFileReference; includeInIndex = 1; lastKnownFileType = text.xcconfig; name = "Pods-CoolClothesIntegrationTests.debug.xcconfig"; path = "Pods/Target Support Files/Pods-CoolClothesIntegrationTests/Pods-CoolClothesIntegrationTests.debug.xcconfig"; sourceTree = "<group>"; };
		2C77EBE3FDE06492804A8658 /* Pods-CoolClothes.release.xcconfig */ = {isa = PBXFileReference; includeInIndex = 1; lastKnownFileType = text.xcconfig; name = "Pods-CoolClothes.release.xcconfig"; path = "Pods/Target Support Files/Pods-CoolClothes/Pods-CoolClothes.release.xcconfig"; sourceTree = "<group>"; };
		67F0A8EB12A47983797C924B /* Pods-CoolClothesTests.debug.xcconfig */ = {isa = PBXFileReference; includeInIndex = 1; lastKnownFileType = text.xcconfig; name = "Pods-CoolClothesTests.debug.xcconfig"; path = "Pods/Target Support Files/Pods-CoolClothesTests/Pods-CoolClothesTests.debug.xcconfig"; sourceTree = "<group>"; };
		95E7C1D30556A35DC8C78404 /* Pods_CoolClothesIntegrationTests.framework */ = {isa = PBXFileReference; explicitFileType = wrapper.framework; includeInIndex = 0; path = Pods_CoolClothesIntegrationTests.framework; sourceTree = BUILT_PRODUCTS_DIR; };
		A324CA9E595759D17DF778DB /* Pods_CoolClothesTests.framework */ = {isa = PBXFileReference; explicitFileType = wrapper.framework; includeInIndex = 0; path = Pods_CoolClothesTests.framework; sourceTree = BUILT_PRODUCTS_DIR; };
		B1AA7F1995213B208C724276 /* Pods-CoolClothesIntegrationTests.release.xcconfig */ = {isa = PBXFileReference; includeInIndex = 1; lastKnownFileType = text.xcconfig; name = "Pods-CoolClothesIntegrationTests.release.xcconfig"; path = "Pods/Target Support Files/Pods-CoolClothesIntegrationTests/Pods-CoolClothesIntegrationTests.release.xcconfig"; sourceTree = "<group>"; };
		B2862E8E796D9272A0D461AC /* Pods_CoolClothes.framework */ = {isa = PBXFileReference; explicitFileType = wrapper.framework; includeInIndex = 0; path = Pods_CoolClothes.framework; sourceTree = BUILT_PRODUCTS_DIR; };
		C5AC84643A66AE8F911B14B0 /* Pods-CoolClothes.debug.xcconfig */ = {isa = PBXFileReference; includeInIndex = 1; lastKnownFileType = text.xcconfig; name = "Pods-CoolClothes.debug.xcconfig"; path = "Pods/Target Support Files/Pods-CoolClothes/Pods-CoolClothes.debug.xcconfig"; sourceTree = "<group>"; };
		CD88BF9A1FD4175E003DEB48 /* CoolClothes.app */ = {isa = PBXFileReference; explicitFileType = wrapper.application; includeInIndex = 0; path = CoolClothes.app; sourceTree = BUILT_PRODUCTS_DIR; };
		CD88BF9D1FD4175E003DEB48 /* AppDelegate.swift */ = {isa = PBXFileReference; lastKnownFileType = sourcecode.swift; path = AppDelegate.swift; sourceTree = "<group>"; };
		CD88BF9F1FD4175E003DEB48 /* FirstViewController.swift */ = {isa = PBXFileReference; lastKnownFileType = sourcecode.swift; path = FirstViewController.swift; sourceTree = "<group>"; };
		CD88BFA11FD4175E003DEB48 /* SecondViewController.swift */ = {isa = PBXFileReference; lastKnownFileType = sourcecode.swift; path = SecondViewController.swift; sourceTree = "<group>"; };
		CD88BFA41FD4175E003DEB48 /* Base */ = {isa = PBXFileReference; lastKnownFileType = file.storyboard; name = Base; path = Base.lproj/Main.storyboard; sourceTree = "<group>"; };
		CD88BFA61FD4175E003DEB48 /* Assets.xcassets */ = {isa = PBXFileReference; lastKnownFileType = folder.assetcatalog; path = Assets.xcassets; sourceTree = "<group>"; };
		CD88BFA91FD4175E003DEB48 /* Base */ = {isa = PBXFileReference; lastKnownFileType = file.storyboard; name = Base; path = Base.lproj/LaunchScreen.storyboard; sourceTree = "<group>"; };
		CD88BFAB1FD4175E003DEB48 /* Info.plist */ = {isa = PBXFileReference; lastKnownFileType = text.plist.xml; path = Info.plist; sourceTree = "<group>"; };
		CD88BFB01FD4175E003DEB48 /* CoolClothesTests.xctest */ = {isa = PBXFileReference; explicitFileType = wrapper.cfbundle; includeInIndex = 0; path = CoolClothesTests.xctest; sourceTree = BUILT_PRODUCTS_DIR; };
		CD88BFB41FD4175E003DEB48 /* ZalandoAPITests.swift */ = {isa = PBXFileReference; lastKnownFileType = sourcecode.swift; path = ZalandoAPITests.swift; sourceTree = "<group>"; };
		CD88BFB61FD4175E003DEB48 /* Info.plist */ = {isa = PBXFileReference; lastKnownFileType = text.plist.xml; path = Info.plist; sourceTree = "<group>"; };
		CD88BFBB1FD4175E003DEB48 /* CoolClothesUITests.xctest */ = {isa = PBXFileReference; explicitFileType = wrapper.cfbundle; includeInIndex = 0; path = CoolClothesUITests.xctest; sourceTree = BUILT_PRODUCTS_DIR; };
		CD88BFBF1FD4175E003DEB48 /* CoolClothesUITests.swift */ = {isa = PBXFileReference; lastKnownFileType = sourcecode.swift; path = CoolClothesUITests.swift; sourceTree = "<group>"; };
		CD88BFC11FD4175E003DEB48 /* Info.plist */ = {isa = PBXFileReference; lastKnownFileType = text.plist.xml; path = Info.plist; sourceTree = "<group>"; };
		CD88BFCE1FD4184A003DEB48 /* ZalandoAPI.swift */ = {isa = PBXFileReference; lastKnownFileType = sourcecode.swift; path = ZalandoAPI.swift; sourceTree = "<group>"; };
		CD88BFD01FD41855003DEB48 /* ZalandoAPIRequest.swift */ = {isa = PBXFileReference; lastKnownFileType = sourcecode.swift; path = ZalandoAPIRequest.swift; sourceTree = "<group>"; };
		CD88BFD21FD41861003DEB48 /* ZalandoAPIResponse.swift */ = {isa = PBXFileReference; lastKnownFileType = sourcecode.swift; path = ZalandoAPIResponse.swift; sourceTree = "<group>"; };
		CD88BFEA1FD41919003DEB48 /* CoolClothesIntegrationTests.xctest */ = {isa = PBXFileReference; explicitFileType = wrapper.cfbundle; includeInIndex = 0; path = CoolClothesIntegrationTests.xctest; sourceTree = BUILT_PRODUCTS_DIR; };
		CD88BFEC1FD41919003DEB48 /* ZalandoAPIIntegrationTests.swift */ = {isa = PBXFileReference; lastKnownFileType = sourcecode.swift; path = ZalandoAPIIntegrationTests.swift; sourceTree = "<group>"; };
		CD88BFEE1FD41919003DEB48 /* Info.plist */ = {isa = PBXFileReference; lastKnownFileType = text.plist.xml; path = Info.plist; sourceTree = "<group>"; };
		CD88BFF41FD41953003DEB48 /* WebAPI.swift */ = {isa = PBXFileReference; lastKnownFileType = sourcecode.swift; path = WebAPI.swift; sourceTree = "<group>"; };
		CD88BFF71FD419C1003DEB48 /* DecodableDataParser.swift */ = {isa = PBXFileReference; lastKnownFileType = sourcecode.swift; path = DecodableDataParser.swift; sourceTree = "<group>"; };
		CD88BFF91FD419DB003DEB48 /* Session+Rx.swift */ = {isa = PBXFileReference; lastKnownFileType = sourcecode.swift; path = "Session+Rx.swift"; sourceTree = "<group>"; };
		CD88BFFB1FD41DC3003DEB48 /* ArticlesRequest.swift */ = {isa = PBXFileReference; lastKnownFileType = sourcecode.swift; path = ArticlesRequest.swift; sourceTree = "<group>"; };
		CD88BFFD1FD41E52003DEB48 /* ZalandoArticle.swift */ = {isa = PBXFileReference; lastKnownFileType = sourcecode.swift; path = ZalandoArticle.swift; sourceTree = "<group>"; };
		CD88BFFF1FD41FFB003DEB48 /* ZalandoImage.swift */ = {isa = PBXFileReference; lastKnownFileType = sourcecode.swift; path = ZalandoImage.swift; sourceTree = "<group>"; };
		CD88C0011FD42614003DEB48 /* ZalandoAPIResponseDecoding.swift */ = {isa = PBXFileReference; lastKnownFileType = sourcecode.swift; path = ZalandoAPIResponseDecoding.swift; sourceTree = "<group>"; };
		CD88C0041FD42680003DEB48 /* DateFormatter+Extensions.swift */ = {isa = PBXFileReference; lastKnownFileType = sourcecode.swift; path = "DateFormatter+Extensions.swift"; sourceTree = "<group>"; };
		CD88C0091FD443C4003DEB48 /* articlesRequestStub.json */ = {isa = PBXFileReference; lastKnownFileType = text.json; path = articlesRequestStub.json; sourceTree = "<group>"; };
		CD88C00C1FD44E80003DEB48 /* Data+Extensions.swift */ = {isa = PBXFileReference; lastKnownFileType = sourcecode.swift; path = "Data+Extensions.swift"; sourceTree = "<group>"; };
		D307D46FED20D54729FBBFE6 /* Pods-CoolClothesTests.release.xcconfig */ = {isa = PBXFileReference; includeInIndex = 1; lastKnownFileType = text.xcconfig; name = "Pods-CoolClothesTests.release.xcconfig"; path = "Pods/Target Support Files/Pods-CoolClothesTests/Pods-CoolClothesTests.release.xcconfig"; sourceTree = "<group>"; };
/* End PBXFileReference section */

/* Begin PBXFrameworksBuildPhase section */
		CD88BF971FD4175E003DEB48 /* Frameworks */ = {
			isa = PBXFrameworksBuildPhase;
			buildActionMask = 2147483647;
			files = (
				0C897E6DBEE97D21A743A2A5 /* Pods_CoolClothes.framework in Frameworks */,
			);
			runOnlyForDeploymentPostprocessing = 0;
		};
		CD88BFAD1FD4175E003DEB48 /* Frameworks */ = {
			isa = PBXFrameworksBuildPhase;
			buildActionMask = 2147483647;
			files = (
				F23F70BFC61CAC7E8D17D8CC /* Pods_CoolClothesTests.framework in Frameworks */,
			);
			runOnlyForDeploymentPostprocessing = 0;
		};
		CD88BFB81FD4175E003DEB48 /* Frameworks */ = {
			isa = PBXFrameworksBuildPhase;
			buildActionMask = 2147483647;
			files = (
			);
			runOnlyForDeploymentPostprocessing = 0;
		};
		CD88BFE71FD41919003DEB48 /* Frameworks */ = {
			isa = PBXFrameworksBuildPhase;
			buildActionMask = 2147483647;
			files = (
				1FD493B74DE8662D587118C7 /* Pods_CoolClothesIntegrationTests.framework in Frameworks */,
			);
			runOnlyForDeploymentPostprocessing = 0;
		};
/* End PBXFrameworksBuildPhase section */

/* Begin PBXGroup section */
		10A9AFBD7BAE1C49D2DE56EB /* Frameworks */ = {
			isa = PBXGroup;
			children = (
				B2862E8E796D9272A0D461AC /* Pods_CoolClothes.framework */,
				95E7C1D30556A35DC8C78404 /* Pods_CoolClothesIntegrationTests.framework */,
				A324CA9E595759D17DF778DB /* Pods_CoolClothesTests.framework */,
			);
			name = Frameworks;
			sourceTree = "<group>";
		};
		9C6D50F19ACBD41C7DD617BC /* Pods */ = {
			isa = PBXGroup;
			children = (
				C5AC84643A66AE8F911B14B0 /* Pods-CoolClothes.debug.xcconfig */,
				2C77EBE3FDE06492804A8658 /* Pods-CoolClothes.release.xcconfig */,
				08D19CABAD0A381C7300A9E0 /* Pods-CoolClothesIntegrationTests.debug.xcconfig */,
				B1AA7F1995213B208C724276 /* Pods-CoolClothesIntegrationTests.release.xcconfig */,
				67F0A8EB12A47983797C924B /* Pods-CoolClothesTests.debug.xcconfig */,
				D307D46FED20D54729FBBFE6 /* Pods-CoolClothesTests.release.xcconfig */,
			);
			name = Pods;
			sourceTree = "<group>";
		};
		CD88BF911FD4175E003DEB48 = {
			isa = PBXGroup;
			children = (
				CD88BF9C1FD4175E003DEB48 /* CoolClothes */,
				CD88BFB31FD4175E003DEB48 /* CoolClothesTests */,
				CD88BFBE1FD4175E003DEB48 /* CoolClothesUITests */,
				CD88BFEB1FD41919003DEB48 /* CoolClothesIntegrationTests */,
				CD88BF9B1FD4175E003DEB48 /* Products */,
				9C6D50F19ACBD41C7DD617BC /* Pods */,
				10A9AFBD7BAE1C49D2DE56EB /* Frameworks */,
			);
			sourceTree = "<group>";
		};
		CD88BF9B1FD4175E003DEB48 /* Products */ = {
			isa = PBXGroup;
			children = (
				CD88BF9A1FD4175E003DEB48 /* CoolClothes.app */,
				CD88BFB01FD4175E003DEB48 /* CoolClothesTests.xctest */,
				CD88BFBB1FD4175E003DEB48 /* CoolClothesUITests.xctest */,
				CD88BFEA1FD41919003DEB48 /* CoolClothesIntegrationTests.xctest */,
			);
			name = Products;
			sourceTree = "<group>";
		};
		CD88BF9C1FD4175E003DEB48 /* CoolClothes */ = {
			isa = PBXGroup;
			children = (
				CD88BF9D1FD4175E003DEB48 /* AppDelegate.swift */,
				CD88BF9F1FD4175E003DEB48 /* FirstViewController.swift */,
				CD88BFA11FD4175E003DEB48 /* SecondViewController.swift */,
				CD88BFA31FD4175E003DEB48 /* Main.storyboard */,
				CD88BFA61FD4175E003DEB48 /* Assets.xcassets */,
				CD88BFA81FD4175E003DEB48 /* LaunchScreen.storyboard */,
				CD88BFAB1FD4175E003DEB48 /* Info.plist */,
				CD88BFF61FD4196D003DEB48 /* WebAPI */,
				CD88C0031FD4265A003DEB48 /* Extensions */,
			);
			path = CoolClothes;
			sourceTree = "<group>";
		};
		CD88BFB31FD4175E003DEB48 /* CoolClothesTests */ = {
			isa = PBXGroup;
			children = (
				CD88BFB41FD4175E003DEB48 /* ZalandoAPITests.swift */,
				CD88BFB61FD4175E003DEB48 /* Info.plist */,
			);
			path = CoolClothesTests;
			sourceTree = "<group>";
		};
		CD88BFBE1FD4175E003DEB48 /* CoolClothesUITests */ = {
			isa = PBXGroup;
			children = (
				CD88BFBF1FD4175E003DEB48 /* CoolClothesUITests.swift */,
				CD88BFC11FD4175E003DEB48 /* Info.plist */,
			);
			path = CoolClothesUITests;
			sourceTree = "<group>";
		};
		CD88BFCD1FD41823003DEB48 /* Zalando API */ = {
			isa = PBXGroup;
			children = (
				CD88BFCE1FD4184A003DEB48 /* ZalandoAPI.swift */,
				CD88BFD01FD41855003DEB48 /* ZalandoAPIRequest.swift */,
				CD88BFD21FD41861003DEB48 /* ZalandoAPIResponse.swift */,
				CD88C0011FD42614003DEB48 /* ZalandoAPIResponseDecoding.swift */,
				CD88BFD71FD4188D003DEB48 /* Requests */,
				CD88BFD41FD41866003DEB48 /* Data Entities */,
				CD88C0081FD4400E003DEB48 /* ZalandoAPIStubs */,
			);
			path = "Zalando API";
			sourceTree = "<group>";
		};
		CD88BFD41FD41866003DEB48 /* Data Entities */ = {
			isa = PBXGroup;
			children = (
				CD88BFFD1FD41E52003DEB48 /* ZalandoArticle.swift */,
				CD88BFFF1FD41FFB003DEB48 /* ZalandoImage.swift */,
			);
			path = "Data Entities";
			sourceTree = "<group>";
		};
		CD88BFD71FD4188D003DEB48 /* Requests */ = {
			isa = PBXGroup;
			children = (
				CD88BFFB1FD41DC3003DEB48 /* ArticlesRequest.swift */,
			);
			path = Requests;
			sourceTree = "<group>";
		};
		CD88BFEB1FD41919003DEB48 /* CoolClothesIntegrationTests */ = {
			isa = PBXGroup;
			children = (
				CD88BFEC1FD41919003DEB48 /* ZalandoAPIIntegrationTests.swift */,
				CD88BFEE1FD41919003DEB48 /* Info.plist */,
			);
			path = CoolClothesIntegrationTests;
			sourceTree = "<group>";
		};
		CD88BFF61FD4196D003DEB48 /* WebAPI */ = {
			isa = PBXGroup;
			children = (
				CD88BFF41FD41953003DEB48 /* WebAPI.swift */,
				CD88BFF91FD419DB003DEB48 /* Session+Rx.swift */,
				CD88BFF71FD419C1003DEB48 /* DecodableDataParser.swift */,
				CD88BFCD1FD41823003DEB48 /* Zalando API */,
			);
			path = WebAPI;
			sourceTree = "<group>";
		};
		CD88C0031FD4265A003DEB48 /* Extensions */ = {
			isa = PBXGroup;
			children = (
				CD88C0041FD42680003DEB48 /* DateFormatter+Extensions.swift */,
				CD88C00C1FD44E80003DEB48 /* Data+Extensions.swift */,
			);
			path = Extensions;
			sourceTree = "<group>";
		};
		CD88C0081FD4400E003DEB48 /* ZalandoAPIStubs */ = {
			isa = PBXGroup;
			children = (
				CD88C0091FD443C4003DEB48 /* articlesRequestStub.json */,
			);
			path = ZalandoAPIStubs;
			sourceTree = "<group>";
		};
/* End PBXGroup section */

/* Begin PBXNativeTarget section */
		CD88BF991FD4175E003DEB48 /* CoolClothes */ = {
			isa = PBXNativeTarget;
			buildConfigurationList = CD88BFC41FD4175E003DEB48 /* Build configuration list for PBXNativeTarget "CoolClothes" */;
			buildPhases = (
				504803D3652EF9E013ECE009 /* [CP] Check Pods Manifest.lock */,
				CD88BF961FD4175E003DEB48 /* Sources */,
				CD88BF971FD4175E003DEB48 /* Frameworks */,
				CD88BF981FD4175E003DEB48 /* Resources */,
				D94E59AB9BEED4C9B42585B8 /* [CP] Embed Pods Frameworks */,
				88E8A87C2822B0AD788C1830 /* [CP] Copy Pods Resources */,
			);
			buildRules = (
			);
			dependencies = (
			);
			name = CoolClothes;
			productName = CoolClothes;
			productReference = CD88BF9A1FD4175E003DEB48 /* CoolClothes.app */;
			productType = "com.apple.product-type.application";
		};
		CD88BFAF1FD4175E003DEB48 /* CoolClothesTests */ = {
			isa = PBXNativeTarget;
			buildConfigurationList = CD88BFC71FD4175E003DEB48 /* Build configuration list for PBXNativeTarget "CoolClothesTests" */;
			buildPhases = (
				AF307615E852F9FF3B526542 /* [CP] Check Pods Manifest.lock */,
				CD88BFAC1FD4175E003DEB48 /* Sources */,
				CD88BFAD1FD4175E003DEB48 /* Frameworks */,
				CD88BFAE1FD4175E003DEB48 /* Resources */,
				840C027DC8954FFCC1C7914C /* [CP] Embed Pods Frameworks */,
				4EEA7F2EDF3FC0DCE89DD1F2 /* [CP] Copy Pods Resources */,
			);
			buildRules = (
			);
			dependencies = (
				CD88BFB21FD4175E003DEB48 /* PBXTargetDependency */,
			);
			name = CoolClothesTests;
			productName = CoolClothesTests;
			productReference = CD88BFB01FD4175E003DEB48 /* CoolClothesTests.xctest */;
			productType = "com.apple.product-type.bundle.unit-test";
		};
		CD88BFBA1FD4175E003DEB48 /* CoolClothesUITests */ = {
			isa = PBXNativeTarget;
			buildConfigurationList = CD88BFCA1FD4175E003DEB48 /* Build configuration list for PBXNativeTarget "CoolClothesUITests" */;
			buildPhases = (
				CD88BFB71FD4175E003DEB48 /* Sources */,
				CD88BFB81FD4175E003DEB48 /* Frameworks */,
				CD88BFB91FD4175E003DEB48 /* Resources */,
			);
			buildRules = (
			);
			dependencies = (
				CD88BFBD1FD4175E003DEB48 /* PBXTargetDependency */,
			);
			name = CoolClothesUITests;
			productName = CoolClothesUITests;
			productReference = CD88BFBB1FD4175E003DEB48 /* CoolClothesUITests.xctest */;
			productType = "com.apple.product-type.bundle.ui-testing";
		};
		CD88BFE91FD41919003DEB48 /* CoolClothesIntegrationTests */ = {
			isa = PBXNativeTarget;
			buildConfigurationList = CD88BFF11FD41919003DEB48 /* Build configuration list for PBXNativeTarget "CoolClothesIntegrationTests" */;
			buildPhases = (
				61BB9DFC30B741F8F287F2A3 /* [CP] Check Pods Manifest.lock */,
				CD88BFE61FD41919003DEB48 /* Sources */,
				CD88BFE71FD41919003DEB48 /* Frameworks */,
				CD88BFE81FD41919003DEB48 /* Resources */,
				A9516A76FDF0675C4553EA28 /* [CP] Embed Pods Frameworks */,
				34D7EB73C2CFF9D12024BA63 /* [CP] Copy Pods Resources */,
			);
			buildRules = (
			);
			dependencies = (
				CD88BFF01FD41919003DEB48 /* PBXTargetDependency */,
			);
			name = CoolClothesIntegrationTests;
			productName = CoolClothesIntegrationTests;
			productReference = CD88BFEA1FD41919003DEB48 /* CoolClothesIntegrationTests.xctest */;
			productType = "com.apple.product-type.bundle.unit-test";
		};
/* End PBXNativeTarget section */

/* Begin PBXProject section */
		CD88BF921FD4175E003DEB48 /* Project object */ = {
			isa = PBXProject;
			attributes = {
				LastSwiftUpdateCheck = 0910;
				LastUpgradeCheck = 0910;
				ORGANIZATIONNAME = "Chatterjee, Sumeru";
				TargetAttributes = {
					CD88BF991FD4175E003DEB48 = {
						CreatedOnToolsVersion = 9.1;
						ProvisioningStyle = Automatic;
					};
					CD88BFAF1FD4175E003DEB48 = {
						CreatedOnToolsVersion = 9.1;
						ProvisioningStyle = Automatic;
						TestTargetID = CD88BF991FD4175E003DEB48;
					};
					CD88BFBA1FD4175E003DEB48 = {
						CreatedOnToolsVersion = 9.1;
						ProvisioningStyle = Automatic;
						TestTargetID = CD88BF991FD4175E003DEB48;
					};
					CD88BFE91FD41919003DEB48 = {
						CreatedOnToolsVersion = 9.1;
						ProvisioningStyle = Automatic;
						TestTargetID = CD88BF991FD4175E003DEB48;
					};
				};
			};
			buildConfigurationList = CD88BF951FD4175E003DEB48 /* Build configuration list for PBXProject "CoolClothes" */;
			compatibilityVersion = "Xcode 8.0";
			developmentRegion = en;
			hasScannedForEncodings = 0;
			knownRegions = (
				en,
				Base,
			);
			mainGroup = CD88BF911FD4175E003DEB48;
			productRefGroup = CD88BF9B1FD4175E003DEB48 /* Products */;
			projectDirPath = "";
			projectRoot = "";
			targets = (
				CD88BF991FD4175E003DEB48 /* CoolClothes */,
				CD88BFAF1FD4175E003DEB48 /* CoolClothesTests */,
				CD88BFBA1FD4175E003DEB48 /* CoolClothesUITests */,
				CD88BFE91FD41919003DEB48 /* CoolClothesIntegrationTests */,
			);
		};
/* End PBXProject section */

/* Begin PBXResourcesBuildPhase section */
		CD88BF981FD4175E003DEB48 /* Resources */ = {
			isa = PBXResourcesBuildPhase;
			buildActionMask = 2147483647;
			files = (
				CD88C00A1FD443C4003DEB48 /* articlesRequestStub.json in Resources */,
				CD88BFAA1FD4175E003DEB48 /* LaunchScreen.storyboard in Resources */,
				CD88BFA71FD4175E003DEB48 /* Assets.xcassets in Resources */,
				CD88BFA51FD4175E003DEB48 /* Main.storyboard in Resources */,
			);
			runOnlyForDeploymentPostprocessing = 0;
		};
		CD88BFAE1FD4175E003DEB48 /* Resources */ = {
			isa = PBXResourcesBuildPhase;
			buildActionMask = 2147483647;
			files = (
				CD88C00B1FD443C4003DEB48 /* articlesRequestStub.json in Resources */,
			);
			runOnlyForDeploymentPostprocessing = 0;
		};
		CD88BFB91FD4175E003DEB48 /* Resources */ = {
			isa = PBXResourcesBuildPhase;
			buildActionMask = 2147483647;
			files = (
			);
			runOnlyForDeploymentPostprocessing = 0;
		};
		CD88BFE81FD41919003DEB48 /* Resources */ = {
			isa = PBXResourcesBuildPhase;
			buildActionMask = 2147483647;
			files = (
			);
			runOnlyForDeploymentPostprocessing = 0;
		};
/* End PBXResourcesBuildPhase section */

/* Begin PBXShellScriptBuildPhase section */
		34D7EB73C2CFF9D12024BA63 /* [CP] Copy Pods Resources */ = {
			isa = PBXShellScriptBuildPhase;
			buildActionMask = 2147483647;
			files = (
			);
			inputPaths = (
			);
			name = "[CP] Copy Pods Resources";
			outputPaths = (
			);
			runOnlyForDeploymentPostprocessing = 0;
			shellPath = /bin/sh;
			shellScript = "\"${SRCROOT}/Pods/Target Support Files/Pods-CoolClothesIntegrationTests/Pods-CoolClothesIntegrationTests-resources.sh\"\n";
			showEnvVarsInLog = 0;
		};
		4EEA7F2EDF3FC0DCE89DD1F2 /* [CP] Copy Pods Resources */ = {
			isa = PBXShellScriptBuildPhase;
			buildActionMask = 2147483647;
			files = (
			);
			inputPaths = (
			);
			name = "[CP] Copy Pods Resources";
			outputPaths = (
			);
			runOnlyForDeploymentPostprocessing = 0;
			shellPath = /bin/sh;
			shellScript = "\"${SRCROOT}/Pods/Target Support Files/Pods-CoolClothesTests/Pods-CoolClothesTests-resources.sh\"\n";
			showEnvVarsInLog = 0;
		};
		504803D3652EF9E013ECE009 /* [CP] Check Pods Manifest.lock */ = {
			isa = PBXShellScriptBuildPhase;
			buildActionMask = 2147483647;
			files = (
			);
			inputPaths = (
				"${PODS_PODFILE_DIR_PATH}/Podfile.lock",
				"${PODS_ROOT}/Manifest.lock",
			);
			name = "[CP] Check Pods Manifest.lock";
			outputPaths = (
				"$(DERIVED_FILE_DIR)/Pods-CoolClothes-checkManifestLockResult.txt",
			);
			runOnlyForDeploymentPostprocessing = 0;
			shellPath = /bin/sh;
			shellScript = "diff \"${PODS_PODFILE_DIR_PATH}/Podfile.lock\" \"${PODS_ROOT}/Manifest.lock\" > /dev/null\nif [ $? != 0 ] ; then\n    # print error to STDERR\n    echo \"error: The sandbox is not in sync with the Podfile.lock. Run 'pod install' or update your CocoaPods installation.\" >&2\n    exit 1\nfi\n# This output is used by Xcode 'outputs' to avoid re-running this script phase.\necho \"SUCCESS\" > \"${SCRIPT_OUTPUT_FILE_0}\"\n";
			showEnvVarsInLog = 0;
		};
		61BB9DFC30B741F8F287F2A3 /* [CP] Check Pods Manifest.lock */ = {
			isa = PBXShellScriptBuildPhase;
			buildActionMask = 2147483647;
			files = (
			);
			inputPaths = (
				"${PODS_PODFILE_DIR_PATH}/Podfile.lock",
				"${PODS_ROOT}/Manifest.lock",
			);
			name = "[CP] Check Pods Manifest.lock";
			outputPaths = (
				"$(DERIVED_FILE_DIR)/Pods-CoolClothesIntegrationTests-checkManifestLockResult.txt",
			);
			runOnlyForDeploymentPostprocessing = 0;
			shellPath = /bin/sh;
			shellScript = "diff \"${PODS_PODFILE_DIR_PATH}/Podfile.lock\" \"${PODS_ROOT}/Manifest.lock\" > /dev/null\nif [ $? != 0 ] ; then\n    # print error to STDERR\n    echo \"error: The sandbox is not in sync with the Podfile.lock. Run 'pod install' or update your CocoaPods installation.\" >&2\n    exit 1\nfi\n# This output is used by Xcode 'outputs' to avoid re-running this script phase.\necho \"SUCCESS\" > \"${SCRIPT_OUTPUT_FILE_0}\"\n";
			showEnvVarsInLog = 0;
		};
		840C027DC8954FFCC1C7914C /* [CP] Embed Pods Frameworks */ = {
			isa = PBXShellScriptBuildPhase;
			buildActionMask = 2147483647;
			files = (
			);
			inputPaths = (
				"${SRCROOT}/Pods/Target Support Files/Pods-CoolClothesTests/Pods-CoolClothesTests-frameworks.sh",
				"${BUILT_PRODUCTS_DIR}/APIKit/APIKit.framework",
				"${BUILT_PRODUCTS_DIR}/Differentiator/Differentiator.framework",
				"${BUILT_PRODUCTS_DIR}/OHHTTPStubs/OHHTTPStubs.framework",
				"${BUILT_PRODUCTS_DIR}/Result/Result.framework",
				"${BUILT_PRODUCTS_DIR}/RxCocoa/RxCocoa.framework",
				"${BUILT_PRODUCTS_DIR}/RxDataSources/RxDataSources.framework",
				"${BUILT_PRODUCTS_DIR}/RxSwift/RxSwift.framework",
			);
			name = "[CP] Embed Pods Frameworks";
			outputPaths = (
				"${TARGET_BUILD_DIR}/${FRAMEWORKS_FOLDER_PATH}/APIKit.framework",
				"${TARGET_BUILD_DIR}/${FRAMEWORKS_FOLDER_PATH}/Differentiator.framework",
				"${TARGET_BUILD_DIR}/${FRAMEWORKS_FOLDER_PATH}/OHHTTPStubs.framework",
				"${TARGET_BUILD_DIR}/${FRAMEWORKS_FOLDER_PATH}/Result.framework",
				"${TARGET_BUILD_DIR}/${FRAMEWORKS_FOLDER_PATH}/RxCocoa.framework",
				"${TARGET_BUILD_DIR}/${FRAMEWORKS_FOLDER_PATH}/RxDataSources.framework",
				"${TARGET_BUILD_DIR}/${FRAMEWORKS_FOLDER_PATH}/RxSwift.framework",
			);
			runOnlyForDeploymentPostprocessing = 0;
			shellPath = /bin/sh;
			shellScript = "\"${SRCROOT}/Pods/Target Support Files/Pods-CoolClothesTests/Pods-CoolClothesTests-frameworks.sh\"\n";
			showEnvVarsInLog = 0;
		};
		88E8A87C2822B0AD788C1830 /* [CP] Copy Pods Resources */ = {
			isa = PBXShellScriptBuildPhase;
			buildActionMask = 2147483647;
			files = (
			);
			inputPaths = (
			);
			name = "[CP] Copy Pods Resources";
			outputPaths = (
			);
			runOnlyForDeploymentPostprocessing = 0;
			shellPath = /bin/sh;
			shellScript = "\"${SRCROOT}/Pods/Target Support Files/Pods-CoolClothes/Pods-CoolClothes-resources.sh\"\n";
			showEnvVarsInLog = 0;
		};
		A9516A76FDF0675C4553EA28 /* [CP] Embed Pods Frameworks */ = {
			isa = PBXShellScriptBuildPhase;
			buildActionMask = 2147483647;
			files = (
			);
			inputPaths = (
				"${SRCROOT}/Pods/Target Support Files/Pods-CoolClothesIntegrationTests/Pods-CoolClothesIntegrationTests-frameworks.sh",
				"${BUILT_PRODUCTS_DIR}/APIKit/APIKit.framework",
				"${BUILT_PRODUCTS_DIR}/Differentiator/Differentiator.framework",
				"${BUILT_PRODUCTS_DIR}/OHHTTPStubs/OHHTTPStubs.framework",
				"${BUILT_PRODUCTS_DIR}/Result/Result.framework",
				"${BUILT_PRODUCTS_DIR}/RxCocoa/RxCocoa.framework",
				"${BUILT_PRODUCTS_DIR}/RxDataSources/RxDataSources.framework",
				"${BUILT_PRODUCTS_DIR}/RxSwift/RxSwift.framework",
				"${BUILT_PRODUCTS_DIR}/RxBlocking/RxBlocking.framework",
			);
			name = "[CP] Embed Pods Frameworks";
			outputPaths = (
				"${TARGET_BUILD_DIR}/${FRAMEWORKS_FOLDER_PATH}/APIKit.framework",
				"${TARGET_BUILD_DIR}/${FRAMEWORKS_FOLDER_PATH}/Differentiator.framework",
				"${TARGET_BUILD_DIR}/${FRAMEWORKS_FOLDER_PATH}/OHHTTPStubs.framework",
				"${TARGET_BUILD_DIR}/${FRAMEWORKS_FOLDER_PATH}/Result.framework",
				"${TARGET_BUILD_DIR}/${FRAMEWORKS_FOLDER_PATH}/RxCocoa.framework",
				"${TARGET_BUILD_DIR}/${FRAMEWORKS_FOLDER_PATH}/RxDataSources.framework",
				"${TARGET_BUILD_DIR}/${FRAMEWORKS_FOLDER_PATH}/RxSwift.framework",
				"${TARGET_BUILD_DIR}/${FRAMEWORKS_FOLDER_PATH}/RxBlocking.framework",
			);
			runOnlyForDeploymentPostprocessing = 0;
			shellPath = /bin/sh;
			shellScript = "\"${SRCROOT}/Pods/Target Support Files/Pods-CoolClothesIntegrationTests/Pods-CoolClothesIntegrationTests-frameworks.sh\"\n";
			showEnvVarsInLog = 0;
		};
		AF307615E852F9FF3B526542 /* [CP] Check Pods Manifest.lock */ = {
			isa = PBXShellScriptBuildPhase;
			buildActionMask = 2147483647;
			files = (
			);
			inputPaths = (
				"${PODS_PODFILE_DIR_PATH}/Podfile.lock",
				"${PODS_ROOT}/Manifest.lock",
			);
			name = "[CP] Check Pods Manifest.lock";
			outputPaths = (
				"$(DERIVED_FILE_DIR)/Pods-CoolClothesTests-checkManifestLockResult.txt",
			);
			runOnlyForDeploymentPostprocessing = 0;
			shellPath = /bin/sh;
			shellScript = "diff \"${PODS_PODFILE_DIR_PATH}/Podfile.lock\" \"${PODS_ROOT}/Manifest.lock\" > /dev/null\nif [ $? != 0 ] ; then\n    # print error to STDERR\n    echo \"error: The sandbox is not in sync with the Podfile.lock. Run 'pod install' or update your CocoaPods installation.\" >&2\n    exit 1\nfi\n# This output is used by Xcode 'outputs' to avoid re-running this script phase.\necho \"SUCCESS\" > \"${SCRIPT_OUTPUT_FILE_0}\"\n";
			showEnvVarsInLog = 0;
		};
		D94E59AB9BEED4C9B42585B8 /* [CP] Embed Pods Frameworks */ = {
			isa = PBXShellScriptBuildPhase;
			buildActionMask = 2147483647;
			files = (
			);
			inputPaths = (
				"${SRCROOT}/Pods/Target Support Files/Pods-CoolClothes/Pods-CoolClothes-frameworks.sh",
				"${BUILT_PRODUCTS_DIR}/APIKit/APIKit.framework",
				"${BUILT_PRODUCTS_DIR}/Differentiator/Differentiator.framework",
				"${BUILT_PRODUCTS_DIR}/OHHTTPStubs/OHHTTPStubs.framework",
				"${BUILT_PRODUCTS_DIR}/Result/Result.framework",
				"${BUILT_PRODUCTS_DIR}/RxCocoa/RxCocoa.framework",
				"${BUILT_PRODUCTS_DIR}/RxDataSources/RxDataSources.framework",
				"${BUILT_PRODUCTS_DIR}/RxSwift/RxSwift.framework",
			);
			name = "[CP] Embed Pods Frameworks";
			outputPaths = (
				"${TARGET_BUILD_DIR}/${FRAMEWORKS_FOLDER_PATH}/APIKit.framework",
				"${TARGET_BUILD_DIR}/${FRAMEWORKS_FOLDER_PATH}/Differentiator.framework",
				"${TARGET_BUILD_DIR}/${FRAMEWORKS_FOLDER_PATH}/OHHTTPStubs.framework",
				"${TARGET_BUILD_DIR}/${FRAMEWORKS_FOLDER_PATH}/Result.framework",
				"${TARGET_BUILD_DIR}/${FRAMEWORKS_FOLDER_PATH}/RxCocoa.framework",
				"${TARGET_BUILD_DIR}/${FRAMEWORKS_FOLDER_PATH}/RxDataSources.framework",
				"${TARGET_BUILD_DIR}/${FRAMEWORKS_FOLDER_PATH}/RxSwift.framework",
			);
			runOnlyForDeploymentPostprocessing = 0;
			shellPath = /bin/sh;
			shellScript = "\"${SRCROOT}/Pods/Target Support Files/Pods-CoolClothes/Pods-CoolClothes-frameworks.sh\"\n";
			showEnvVarsInLog = 0;
		};
/* End PBXShellScriptBuildPhase section */

/* Begin PBXSourcesBuildPhase section */
		CD88BF961FD4175E003DEB48 /* Sources */ = {
			isa = PBXSourcesBuildPhase;
			buildActionMask = 2147483647;
			files = (
				CD88BFFC1FD41DC3003DEB48 /* ArticlesRequest.swift in Sources */,
				CD88BFA21FD4175E003DEB48 /* SecondViewController.swift in Sources */,
				CD88C0051FD42680003DEB48 /* DateFormatter+Extensions.swift in Sources */,
				CD88BF9E1FD4175E003DEB48 /* AppDelegate.swift in Sources */,
				CD88BFD11FD41855003DEB48 /* ZalandoAPIRequest.swift in Sources */,
				CD88BFCF1FD4184A003DEB48 /* ZalandoAPI.swift in Sources */,
				CD88C0001FD41FFB003DEB48 /* ZalandoImage.swift in Sources */,
				CD88BFA01FD4175E003DEB48 /* FirstViewController.swift in Sources */,
				CD88BFFE1FD41E52003DEB48 /* ZalandoArticle.swift in Sources */,
				CD88C00D1FD44E80003DEB48 /* Data+Extensions.swift in Sources */,
				CD88BFF51FD41953003DEB48 /* WebAPI.swift in Sources */,
				CD88BFFA1FD419DB003DEB48 /* Session+Rx.swift in Sources */,
				CD88BFF81FD419C1003DEB48 /* DecodableDataParser.swift in Sources */,
				CD88BFD31FD41861003DEB48 /* ZalandoAPIResponse.swift in Sources */,
				CD88C0021FD42614003DEB48 /* ZalandoAPIResponseDecoding.swift in Sources */,
			);
			runOnlyForDeploymentPostprocessing = 0;
		};
		CD88BFAC1FD4175E003DEB48 /* Sources */ = {
			isa = PBXSourcesBuildPhase;
			buildActionMask = 2147483647;
			files = (
				CD88BFB51FD4175E003DEB48 /* ZalandoAPITests.swift in Sources */,
				CD88C00E1FD44E80003DEB48 /* Data+Extensions.swift in Sources */,
			);
			runOnlyForDeploymentPostprocessing = 0;
		};
		CD88BFB71FD4175E003DEB48 /* Sources */ = {
			isa = PBXSourcesBuildPhase;
			buildActionMask = 2147483647;
			files = (
				CD88BFC01FD4175E003DEB48 /* CoolClothesUITests.swift in Sources */,
			);
			runOnlyForDeploymentPostprocessing = 0;
		};
		CD88BFE61FD41919003DEB48 /* Sources */ = {
			isa = PBXSourcesBuildPhase;
			buildActionMask = 2147483647;
			files = (
				CD88BFED1FD41919003DEB48 /* ZalandoAPIIntegrationTests.swift in Sources */,
			);
			runOnlyForDeploymentPostprocessing = 0;
		};
/* End PBXSourcesBuildPhase section */

/* Begin PBXTargetDependency section */
		CD88BFB21FD4175E003DEB48 /* PBXTargetDependency */ = {
			isa = PBXTargetDependency;
			target = CD88BF991FD4175E003DEB48 /* CoolClothes */;
			targetProxy = CD88BFB11FD4175E003DEB48 /* PBXContainerItemProxy */;
		};
		CD88BFBD1FD4175E003DEB48 /* PBXTargetDependency */ = {
			isa = PBXTargetDependency;
			target = CD88BF991FD4175E003DEB48 /* CoolClothes */;
			targetProxy = CD88BFBC1FD4175E003DEB48 /* PBXContainerItemProxy */;
		};
		CD88BFF01FD41919003DEB48 /* PBXTargetDependency */ = {
			isa = PBXTargetDependency;
			target = CD88BF991FD4175E003DEB48 /* CoolClothes */;
			targetProxy = CD88BFEF1FD41919003DEB48 /* PBXContainerItemProxy */;
		};
/* End PBXTargetDependency section */

/* Begin PBXVariantGroup section */
		CD88BFA31FD4175E003DEB48 /* Main.storyboard */ = {
			isa = PBXVariantGroup;
			children = (
				CD88BFA41FD4175E003DEB48 /* Base */,
			);
			name = Main.storyboard;
			sourceTree = "<group>";
		};
		CD88BFA81FD4175E003DEB48 /* LaunchScreen.storyboard */ = {
			isa = PBXVariantGroup;
			children = (
				CD88BFA91FD4175E003DEB48 /* Base */,
			);
			name = LaunchScreen.storyboard;
			sourceTree = "<group>";
		};
/* End PBXVariantGroup section */

/* Begin XCBuildConfiguration section */
		CD88BFC21FD4175E003DEB48 /* Debug */ = {
			isa = XCBuildConfiguration;
			buildSettings = {
				ALWAYS_SEARCH_USER_PATHS = NO;
				CLANG_ANALYZER_NONNULL = YES;
				CLANG_ANALYZER_NUMBER_OBJECT_CONVERSION = YES_AGGRESSIVE;
				CLANG_CXX_LANGUAGE_STANDARD = "gnu++14";
				CLANG_CXX_LIBRARY = "libc++";
				CLANG_ENABLE_MODULES = YES;
				CLANG_ENABLE_OBJC_ARC = YES;
				CLANG_WARN_BLOCK_CAPTURE_AUTORELEASING = YES;
				CLANG_WARN_BOOL_CONVERSION = YES;
				CLANG_WARN_COMMA = YES;
				CLANG_WARN_CONSTANT_CONVERSION = YES;
				CLANG_WARN_DIRECT_OBJC_ISA_USAGE = YES_ERROR;
				CLANG_WARN_DOCUMENTATION_COMMENTS = YES;
				CLANG_WARN_EMPTY_BODY = YES;
				CLANG_WARN_ENUM_CONVERSION = YES;
				CLANG_WARN_INFINITE_RECURSION = YES;
				CLANG_WARN_INT_CONVERSION = YES;
				CLANG_WARN_NON_LITERAL_NULL_CONVERSION = YES;
				CLANG_WARN_OBJC_LITERAL_CONVERSION = YES;
				CLANG_WARN_OBJC_ROOT_CLASS = YES_ERROR;
				CLANG_WARN_RANGE_LOOP_ANALYSIS = YES;
				CLANG_WARN_STRICT_PROTOTYPES = YES;
				CLANG_WARN_SUSPICIOUS_MOVE = YES;
				CLANG_WARN_UNGUARDED_AVAILABILITY = YES_AGGRESSIVE;
				CLANG_WARN_UNREACHABLE_CODE = YES;
				CLANG_WARN__DUPLICATE_METHOD_MATCH = YES;
				CODE_SIGN_IDENTITY = "iPhone Developer";
				COPY_PHASE_STRIP = NO;
				DEBUG_INFORMATION_FORMAT = dwarf;
				ENABLE_STRICT_OBJC_MSGSEND = YES;
				ENABLE_TESTABILITY = YES;
				GCC_C_LANGUAGE_STANDARD = gnu11;
				GCC_DYNAMIC_NO_PIC = NO;
				GCC_NO_COMMON_BLOCKS = YES;
				GCC_OPTIMIZATION_LEVEL = 0;
				GCC_PREPROCESSOR_DEFINITIONS = (
					"DEBUG=1",
					"$(inherited)",
				);
				GCC_WARN_64_TO_32_BIT_CONVERSION = YES;
				GCC_WARN_ABOUT_RETURN_TYPE = YES_ERROR;
				GCC_WARN_UNDECLARED_SELECTOR = YES;
				GCC_WARN_UNINITIALIZED_AUTOS = YES_AGGRESSIVE;
				GCC_WARN_UNUSED_FUNCTION = YES;
				GCC_WARN_UNUSED_VARIABLE = YES;
				IPHONEOS_DEPLOYMENT_TARGET = 11.1;
				MTL_ENABLE_DEBUG_INFO = YES;
				ONLY_ACTIVE_ARCH = YES;
				SDKROOT = iphoneos;
				SWIFT_ACTIVE_COMPILATION_CONDITIONS = DEBUG;
				SWIFT_OPTIMIZATION_LEVEL = "-Onone";
			};
			name = Debug;
		};
		CD88BFC31FD4175E003DEB48 /* Release */ = {
			isa = XCBuildConfiguration;
			buildSettings = {
				ALWAYS_SEARCH_USER_PATHS = NO;
				CLANG_ANALYZER_NONNULL = YES;
				CLANG_ANALYZER_NUMBER_OBJECT_CONVERSION = YES_AGGRESSIVE;
				CLANG_CXX_LANGUAGE_STANDARD = "gnu++14";
				CLANG_CXX_LIBRARY = "libc++";
				CLANG_ENABLE_MODULES = YES;
				CLANG_ENABLE_OBJC_ARC = YES;
				CLANG_WARN_BLOCK_CAPTURE_AUTORELEASING = YES;
				CLANG_WARN_BOOL_CONVERSION = YES;
				CLANG_WARN_COMMA = YES;
				CLANG_WARN_CONSTANT_CONVERSION = YES;
				CLANG_WARN_DIRECT_OBJC_ISA_USAGE = YES_ERROR;
				CLANG_WARN_DOCUMENTATION_COMMENTS = YES;
				CLANG_WARN_EMPTY_BODY = YES;
				CLANG_WARN_ENUM_CONVERSION = YES;
				CLANG_WARN_INFINITE_RECURSION = YES;
				CLANG_WARN_INT_CONVERSION = YES;
				CLANG_WARN_NON_LITERAL_NULL_CONVERSION = YES;
				CLANG_WARN_OBJC_LITERAL_CONVERSION = YES;
				CLANG_WARN_OBJC_ROOT_CLASS = YES_ERROR;
				CLANG_WARN_RANGE_LOOP_ANALYSIS = YES;
				CLANG_WARN_STRICT_PROTOTYPES = YES;
				CLANG_WARN_SUSPICIOUS_MOVE = YES;
				CLANG_WARN_UNGUARDED_AVAILABILITY = YES_AGGRESSIVE;
				CLANG_WARN_UNREACHABLE_CODE = YES;
				CLANG_WARN__DUPLICATE_METHOD_MATCH = YES;
				CODE_SIGN_IDENTITY = "iPhone Developer";
				COPY_PHASE_STRIP = NO;
				DEBUG_INFORMATION_FORMAT = "dwarf-with-dsym";
				ENABLE_NS_ASSERTIONS = NO;
				ENABLE_STRICT_OBJC_MSGSEND = YES;
				GCC_C_LANGUAGE_STANDARD = gnu11;
				GCC_NO_COMMON_BLOCKS = YES;
				GCC_WARN_64_TO_32_BIT_CONVERSION = YES;
				GCC_WARN_ABOUT_RETURN_TYPE = YES_ERROR;
				GCC_WARN_UNDECLARED_SELECTOR = YES;
				GCC_WARN_UNINITIALIZED_AUTOS = YES_AGGRESSIVE;
				GCC_WARN_UNUSED_FUNCTION = YES;
				GCC_WARN_UNUSED_VARIABLE = YES;
				IPHONEOS_DEPLOYMENT_TARGET = 11.1;
				MTL_ENABLE_DEBUG_INFO = NO;
				SDKROOT = iphoneos;
				SWIFT_OPTIMIZATION_LEVEL = "-Owholemodule";
				VALIDATE_PRODUCT = YES;
			};
			name = Release;
		};
		CD88BFC51FD4175E003DEB48 /* Debug */ = {
			isa = XCBuildConfiguration;
			baseConfigurationReference = C5AC84643A66AE8F911B14B0 /* Pods-CoolClothes.debug.xcconfig */;
			buildSettings = {
				ASSETCATALOG_COMPILER_APPICON_NAME = AppIcon;
				CODE_SIGN_STYLE = Automatic;
				DEVELOPMENT_TEAM = WBF45A68AX;
				INFOPLIST_FILE = CoolClothes/Info.plist;
				LD_RUNPATH_SEARCH_PATHS = "$(inherited) @executable_path/Frameworks";
				PRODUCT_BUNDLE_IDENTIFIER = com.nodemaker.CoolClothes;
				PRODUCT_NAME = "$(TARGET_NAME)";
				SWIFT_VERSION = 4.0;
				TARGETED_DEVICE_FAMILY = "1,2";
			};
			name = Debug;
		};
		CD88BFC61FD4175E003DEB48 /* Release */ = {
			isa = XCBuildConfiguration;
			baseConfigurationReference = 2C77EBE3FDE06492804A8658 /* Pods-CoolClothes.release.xcconfig */;
			buildSettings = {
				ASSETCATALOG_COMPILER_APPICON_NAME = AppIcon;
				CODE_SIGN_STYLE = Automatic;
				DEVELOPMENT_TEAM = WBF45A68AX;
				INFOPLIST_FILE = CoolClothes/Info.plist;
				LD_RUNPATH_SEARCH_PATHS = "$(inherited) @executable_path/Frameworks";
				PRODUCT_BUNDLE_IDENTIFIER = com.nodemaker.CoolClothes;
				PRODUCT_NAME = "$(TARGET_NAME)";
				SWIFT_VERSION = 4.0;
				TARGETED_DEVICE_FAMILY = "1,2";
			};
			name = Release;
		};
		CD88BFC81FD4175E003DEB48 /* Debug */ = {
			isa = XCBuildConfiguration;
			baseConfigurationReference = 67F0A8EB12A47983797C924B /* Pods-CoolClothesTests.debug.xcconfig */;
			buildSettings = {
				ALWAYS_EMBED_SWIFT_STANDARD_LIBRARIES = YES;
				BUNDLE_LOADER = "$(TEST_HOST)";
				CODE_SIGN_STYLE = Automatic;
				DEVELOPMENT_TEAM = WBF45A68AX;
				INFOPLIST_FILE = CoolClothesTests/Info.plist;
				LD_RUNPATH_SEARCH_PATHS = "$(inherited) @executable_path/Frameworks @loader_path/Frameworks";
				PRODUCT_BUNDLE_IDENTIFIER = com.nodemaker.CoolClothesTests;
				PRODUCT_NAME = "$(TARGET_NAME)";
				SWIFT_VERSION = 4.0;
				TARGETED_DEVICE_FAMILY = "1,2";
				TEST_HOST = "$(BUILT_PRODUCTS_DIR)/CoolClothes.app/CoolClothes";
			};
			name = Debug;
		};
		CD88BFC91FD4175E003DEB48 /* Release */ = {
			isa = XCBuildConfiguration;
			baseConfigurationReference = D307D46FED20D54729FBBFE6 /* Pods-CoolClothesTests.release.xcconfig */;
			buildSettings = {
				ALWAYS_EMBED_SWIFT_STANDARD_LIBRARIES = YES;
				BUNDLE_LOADER = "$(TEST_HOST)";
				CODE_SIGN_STYLE = Automatic;
				DEVELOPMENT_TEAM = WBF45A68AX;
				INFOPLIST_FILE = CoolClothesTests/Info.plist;
				LD_RUNPATH_SEARCH_PATHS = "$(inherited) @executable_path/Frameworks @loader_path/Frameworks";
				PRODUCT_BUNDLE_IDENTIFIER = com.nodemaker.CoolClothesTests;
				PRODUCT_NAME = "$(TARGET_NAME)";
				SWIFT_VERSION = 4.0;
				TARGETED_DEVICE_FAMILY = "1,2";
				TEST_HOST = "$(BUILT_PRODUCTS_DIR)/CoolClothes.app/CoolClothes";
			};
			name = Release;
		};
		CD88BFCB1FD4175E003DEB48 /* Debug */ = {
			isa = XCBuildConfiguration;
			buildSettings = {
				ALWAYS_EMBED_SWIFT_STANDARD_LIBRARIES = YES;
				CODE_SIGN_STYLE = Automatic;
				DEVELOPMENT_TEAM = WBF45A68AX;
				INFOPLIST_FILE = CoolClothesUITests/Info.plist;
				LD_RUNPATH_SEARCH_PATHS = "$(inherited) @executable_path/Frameworks @loader_path/Frameworks";
				PRODUCT_BUNDLE_IDENTIFIER = com.nodemaker.CoolClothesUITests;
				PRODUCT_NAME = "$(TARGET_NAME)";
				SWIFT_VERSION = 4.0;
				TARGETED_DEVICE_FAMILY = "1,2";
				TEST_TARGET_NAME = CoolClothes;
			};
			name = Debug;
		};
		CD88BFCC1FD4175E003DEB48 /* Release */ = {
			isa = XCBuildConfiguration;
			buildSettings = {
				ALWAYS_EMBED_SWIFT_STANDARD_LIBRARIES = YES;
				CODE_SIGN_STYLE = Automatic;
				DEVELOPMENT_TEAM = WBF45A68AX;
				INFOPLIST_FILE = CoolClothesUITests/Info.plist;
				LD_RUNPATH_SEARCH_PATHS = "$(inherited) @executable_path/Frameworks @loader_path/Frameworks";
				PRODUCT_BUNDLE_IDENTIFIER = com.nodemaker.CoolClothesUITests;
				PRODUCT_NAME = "$(TARGET_NAME)";
				SWIFT_VERSION = 4.0;
				TARGETED_DEVICE_FAMILY = "1,2";
				TEST_TARGET_NAME = CoolClothes;
			};
			name = Release;
		};
		CD88BFF21FD41919003DEB48 /* Debug */ = {
			isa = XCBuildConfiguration;
			baseConfigurationReference = 08D19CABAD0A381C7300A9E0 /* Pods-CoolClothesIntegrationTests.debug.xcconfig */;
			buildSettings = {
				BUNDLE_LOADER = "$(TEST_HOST)";
				CODE_SIGN_STYLE = Automatic;
				DEVELOPMENT_TEAM = WBF45A68AX;
				INFOPLIST_FILE = CoolClothesIntegrationTests/Info.plist;
				LD_RUNPATH_SEARCH_PATHS = "$(inherited) @executable_path/Frameworks @loader_path/Frameworks";
				PRODUCT_BUNDLE_IDENTIFIER = com.nodemaker.CoolClothesIntegrationTests;
				PRODUCT_NAME = "$(TARGET_NAME)";
				SWIFT_VERSION = 4.0;
				TARGETED_DEVICE_FAMILY = "1,2";
				TEST_HOST = "$(BUILT_PRODUCTS_DIR)/CoolClothes.app/CoolClothes";
			};
			name = Debug;
		};
		CD88BFF31FD41919003DEB48 /* Release */ = {
			isa = XCBuildConfiguration;
			baseConfigurationReference = B1AA7F1995213B208C724276 /* Pods-CoolClothesIntegrationTests.release.xcconfig */;
			buildSettings = {
				BUNDLE_LOADER = "$(TEST_HOST)";
				CODE_SIGN_STYLE = Automatic;
				DEVELOPMENT_TEAM = WBF45A68AX;
				INFOPLIST_FILE = CoolClothesIntegrationTests/Info.plist;
				LD_RUNPATH_SEARCH_PATHS = "$(inherited) @executable_path/Frameworks @loader_path/Frameworks";
				PRODUCT_BUNDLE_IDENTIFIER = com.nodemaker.CoolClothesIntegrationTests;
				PRODUCT_NAME = "$(TARGET_NAME)";
				SWIFT_VERSION = 4.0;
				TARGETED_DEVICE_FAMILY = "1,2";
				TEST_HOST = "$(BUILT_PRODUCTS_DIR)/CoolClothes.app/CoolClothes";
			};
			name = Release;
		};
/* End XCBuildConfiguration section */

/* Begin XCConfigurationList section */
		CD88BF951FD4175E003DEB48 /* Build configuration list for PBXProject "CoolClothes" */ = {
			isa = XCConfigurationList;
			buildConfigurations = (
				CD88BFC21FD4175E003DEB48 /* Debug */,
				CD88BFC31FD4175E003DEB48 /* Release */,
			);
			defaultConfigurationIsVisible = 0;
			defaultConfigurationName = Release;
		};
		CD88BFC41FD4175E003DEB48 /* Build configuration list for PBXNativeTarget "CoolClothes" */ = {
			isa = XCConfigurationList;
			buildConfigurations = (
				CD88BFC51FD4175E003DEB48 /* Debug */,
				CD88BFC61FD4175E003DEB48 /* Release */,
			);
			defaultConfigurationIsVisible = 0;
			defaultConfigurationName = Release;
		};
		CD88BFC71FD4175E003DEB48 /* Build configuration list for PBXNativeTarget "CoolClothesTests" */ = {
			isa = XCConfigurationList;
			buildConfigurations = (
				CD88BFC81FD4175E003DEB48 /* Debug */,
				CD88BFC91FD4175E003DEB48 /* Release */,
			);
			defaultConfigurationIsVisible = 0;
			defaultConfigurationName = Release;
		};
		CD88BFCA1FD4175E003DEB48 /* Build configuration list for PBXNativeTarget "CoolClothesUITests" */ = {
			isa = XCConfigurationList;
			buildConfigurations = (
				CD88BFCB1FD4175E003DEB48 /* Debug */,
				CD88BFCC1FD4175E003DEB48 /* Release */,
			);
			defaultConfigurationIsVisible = 0;
			defaultConfigurationName = Release;
		};
		CD88BFF11FD41919003DEB48 /* Build configuration list for PBXNativeTarget "CoolClothesIntegrationTests" */ = {
			isa = XCConfigurationList;
			buildConfigurations = (
				CD88BFF21FD41919003DEB48 /* Debug */,
				CD88BFF31FD41919003DEB48 /* Release */,
			);
			defaultConfigurationIsVisible = 0;
			defaultConfigurationName = Release;
		};
/* End XCConfigurationList section */
	};
	rootObject = CD88BF921FD4175E003DEB48 /* Project object */;
}
